
Microsoft Visual Studio Solution File, Format Version 12.00
# Visual Studio Version 16
VisualStudioVersion = 16.0.31613.86
MinimumVisualStudioVersion = 10.0.40219.1
Project("{FAE04EC0-301F-11D3-BF4B-00C04F79EFBC}") = "CollectionDemo", "CollectionDemo.csproj", "{32A29B6C-B919-4F45-9652-13E0E489491D}"
EndProject
Global
	GlobalSection(SolutionConfigurationPlatforms) = preSolution
		Debug|Any CPU = Debug|Any CPU
		Release|Any CPU = Release|Any CPU
	EndGlobalSection
	GlobalSection(ProjectConfigurationPlatforms) = postSolution
		{32A29B6C-B919-4F45-9652-13E0E489491D}.Debug|Any CPU.ActiveCfg = Debug|Any CPU
		{32A29B6C-B919-4F45-9652-13E0E489491D}.Debug|Any CPU.Build.0 = Debug|Any CPU
		{32A29B6C-B919-4F45-9652-13E0E489491D}.Release|Any CPU.ActiveCfg = Release|Any CPU
		{32A29B6C-B919-4F45-9652-13E0E489491D}.Release|Any CPU.Build.0 = Release|Any CPU
	EndGlobalSection
	GlobalSection(SolutionProperties) = preSolution
		HideSolutionNode = FALSE
	EndGlobalSection
	GlobalSection(ExtensibilityGlobals) = postSolution
		SolutionGuid = {7E82797D-ABF1-487C-98EA-63FE4C41A78A}
	EndGlobalSection
EndGlobal
